
Microsoft Visual Studio Solution File, Format Version 12.00
# Visual Studio 15
VisualStudioVersion = 15.0.28307.572
MinimumVisualStudioVersion = 10.0.40219.1
Project("{FAE04EC0-301F-11D3-BF4B-00C04F79EFBC}") = "AILookSpeedUnlocker", "AILookSpeedUnlocker\AILookSpeedUnlocker.csproj", "{A27E739B-F9A9-47E7-85B9-8FD5211A81D1}"
EndProject
Global
	GlobalSection(SolutionConfigurationPlatforms) = preSolution
		Debug|Any CPU = Debug|Any CPU
		Release|Any CPU = Release|Any CPU
	EndGlobalSection
	GlobalSection(ProjectConfigurationPlatforms) = postSolution
		{A27E739B-F9A9-47E7-85B9-8FD5211A81D1}.Debug|Any CPU.ActiveCfg = Debug|Any CPU
		{A27E739B-F9A9-47E7-85B9-8FD5211A81D1}.Debug|Any CPU.Build.0 = Debug|Any CPU
		{A27E739B-F9A9-47E7-85B9-8FD5211A81D1}.Release|Any CPU.ActiveCfg = Release|Any CPU
		{A27E739B-F9A9-47E7-85B9-8FD5211A81D1}.Release|Any CPU.Build.0 = Release|Any CPU
	EndGlobalSection
	GlobalSection(SolutionProperties) = preSolution
		HideSolutionNode = FALSE
	EndGlobalSection
	GlobalSection(ExtensibilityGlobals) = postSolution
		SolutionGuid = {15A35E2E-A109-4827-9B6A-B3FCF96CD23F}
	EndGlobalSection
EndGlobal
